
Microsoft Visual Studio Solution File, Format Version 12.00
# Visual Studio Version 17
VisualStudioVersion = 17.11.35327.3
MinimumVisualStudioVersion = 10.0.40219.1
Project("{9A19103F-16F7-4668-BE54-9A1E7A4F7556}") = "Cubic³MapGenerator", "Cubic³MapGenerator.csproj", "{C718BEFE-CEF8-4216-91B2-92EBEAF07408}"
EndProject
Global
	GlobalSection(SolutionConfigurationPlatforms) = preSolution
		Debug|Any CPU = Debug|Any CPU
		Debug|x64 = Debug|x64
		Release|Any CPU = Release|Any CPU
		Release|x64 = Release|x64
	EndGlobalSection
	GlobalSection(ProjectConfigurationPlatforms) = postSolution
		{C718BEFE-CEF8-4216-91B2-92EBEAF07408}.Debug|Any CPU.ActiveCfg = Debug|Any CPU
		{C718BEFE-CEF8-4216-91B2-92EBEAF07408}.Debug|Any CPU.Build.0 = Debug|Any CPU
		{C718BEFE-CEF8-4216-91B2-92EBEAF07408}.Debug|x64.ActiveCfg = Debug|x64
		{C718BEFE-CEF8-4216-91B2-92EBEAF07408}.Debug|x64.Build.0 = Debug|x64
		{C718BEFE-CEF8-4216-91B2-92EBEAF07408}.Release|Any CPU.ActiveCfg = Release|Any CPU
		{C718BEFE-CEF8-4216-91B2-92EBEAF07408}.Release|Any CPU.Build.0 = Release|Any CPU
		{C718BEFE-CEF8-4216-91B2-92EBEAF07408}.Release|x64.ActiveCfg = Release|x64
		{C718BEFE-CEF8-4216-91B2-92EBEAF07408}.Release|x64.Build.0 = Release|x64
	EndGlobalSection
	GlobalSection(SolutionProperties) = preSolution
		HideSolutionNode = FALSE
	EndGlobalSection
	GlobalSection(ExtensibilityGlobals) = postSolution
		SolutionGuid = {29F77A94-9CFA-44EF-BD1B-7B00DE1359A7}
	EndGlobalSection
EndGlobal
